
Microsoft Visual Studio Solution File, Format Version 12.00
Project("{FAE04EC0-301F-11D3-BF4B-00C04F79EFBC}") = "Trivister.API", "Trivister.API\Trivister.API.csproj", "{2FAFA13B-A4E9-4ED5-BA73-E0D3D4D369E3}"
EndProject
Project("{2150E333-8FDC-42A3-9474-1A3956D46DE8}") = "Core", "Core", "{5F94DAA7-3CD5-414C-84ED-3F35D093B1F2}"
EndProject
Project("{2150E333-8FDC-42A3-9474-1A3956D46DE8}") = "Infrastructure", "Infrastructure", "{E4CE8F90-6919-4193-8384-69E736781DE5}"
EndProject
Project("{2150E333-8FDC-42A3-9474-1A3956D46DE8}") = "Tests", "Tests", "{6D19ED75-588D-4095-9274-38A197982BF3}"
EndProject
Project("{2150E333-8FDC-42A3-9474-1A3956D46DE8}") = "client", "client", "{CF138809-FE3C-4B15-8061-9C6CF3230384}"
EndProject
Project("{FAE04EC0-301F-11D3-BF4B-00C04F79EFBC}") = "Trivister.Core", "Trivister.Core\Trivister.Core.csproj", "{1AC1F571-29D4-4CD3-8CBF-353565F9E968}"
EndProject
Project("{FAE04EC0-301F-11D3-BF4B-00C04F79EFBC}") = "Trivister.ApplicationServices", "Trivister.ApplicationServices\Trivister.ApplicationServices.csproj", "{4ED1C4F2-A2B0-45DC-9347-78394D8E0A5A}"
EndProject
Project("{FAE04EC0-301F-11D3-BF4B-00C04F79EFBC}") = "Trivister.Infrastructure", "Trivister.Infrastructure\Trivister.Infrastructure.csproj", "{F057B1DE-2CE3-4612-81E2-984FEFF8A05D}"
EndProject
Project("{FAE04EC0-301F-11D3-BF4B-00C04F79EFBC}") = "Trivister.DataStore", "Trivister.DataStore\Trivister.DataStore.csproj", "{0A90A2D3-22D4-4C1A-99F5-22CB0668ACB8}"
EndProject
Project("{FAE04EC0-301F-11D3-BF4B-00C04F79EFBC}") = "Trivister.IntegrationTest", "Trivister.IntegrationTest\Trivister.IntegrationTest.csproj", "{292F9578-F833-44EA-94E7-12A4A1D3C1BF}"
EndProject
Project("{FAE04EC0-301F-11D3-BF4B-00C04F79EFBC}") = "Trivister.UnitTest", "Trivister.UnitTest\Trivister.UnitTest.csproj", "{029DE543-22D8-42E6-BA30-8218CCDCD89B}"
EndProject
Project("{FAE04EC0-301F-11D3-BF4B-00C04F79EFBC}") = "Trivister.IDP", "Trivister.IDP\Trivister.IDP.csproj", "{1E2D13A3-3FE0-46A6-89FF-B4F3FF1A4380}"
EndProject
Project("{2150E333-8FDC-42A3-9474-1A3956D46DE8}") = "Commons", "Commons", "{64B021EC-A3DE-4426-83CF-39DD3F298AD4}"
EndProject
Project("{FAE04EC0-301F-11D3-BF4B-00C04F79EFBC}") = "Trivister.Common", "Trivister.Common\Trivister.Common.csproj", "{D6A5BB3D-8910-4185-B248-24FA2213EEAB}"
EndProject
Project("{FAE04EC0-301F-11D3-BF4B-00C04F79EFBC}") = "PolicyManagement", "PolicyManagement\PolicyManagement.csproj", "{5F45D063-B9C3-474A-91D0-4C6316750E23}"
EndProject
Global
	GlobalSection(SolutionConfigurationPlatforms) = preSolution
		Debug|Any CPU = Debug|Any CPU
		Release|Any CPU = Release|Any CPU
	EndGlobalSection
	GlobalSection(ProjectConfigurationPlatforms) = postSolution
		{2FAFA13B-A4E9-4ED5-BA73-E0D3D4D369E3}.Debug|Any CPU.ActiveCfg = Debug|Any CPU
		{2FAFA13B-A4E9-4ED5-BA73-E0D3D4D369E3}.Debug|Any CPU.Build.0 = Debug|Any CPU
		{2FAFA13B-A4E9-4ED5-BA73-E0D3D4D369E3}.Release|Any CPU.ActiveCfg = Release|Any CPU
		{2FAFA13B-A4E9-4ED5-BA73-E0D3D4D369E3}.Release|Any CPU.Build.0 = Release|Any CPU
		{1AC1F571-29D4-4CD3-8CBF-353565F9E968}.Debug|Any CPU.ActiveCfg = Debug|Any CPU
		{1AC1F571-29D4-4CD3-8CBF-353565F9E968}.Debug|Any CPU.Build.0 = Debug|Any CPU
		{1AC1F571-29D4-4CD3-8CBF-353565F9E968}.Release|Any CPU.ActiveCfg = Release|Any CPU
		{1AC1F571-29D4-4CD3-8CBF-353565F9E968}.Release|Any CPU.Build.0 = Release|Any CPU
		{4ED1C4F2-A2B0-45DC-9347-78394D8E0A5A}.Debug|Any CPU.ActiveCfg = Debug|Any CPU
		{4ED1C4F2-A2B0-45DC-9347-78394D8E0A5A}.Debug|Any CPU.Build.0 = Debug|Any CPU
		{4ED1C4F2-A2B0-45DC-9347-78394D8E0A5A}.Release|Any CPU.ActiveCfg = Release|Any CPU
		{4ED1C4F2-A2B0-45DC-9347-78394D8E0A5A}.Release|Any CPU.Build.0 = Release|Any CPU
		{F057B1DE-2CE3-4612-81E2-984FEFF8A05D}.Debug|Any CPU.ActiveCfg = Debug|Any CPU
		{F057B1DE-2CE3-4612-81E2-984FEFF8A05D}.Debug|Any CPU.Build.0 = Debug|Any CPU
		{F057B1DE-2CE3-4612-81E2-984FEFF8A05D}.Release|Any CPU.ActiveCfg = Release|Any CPU
		{F057B1DE-2CE3-4612-81E2-984FEFF8A05D}.Release|Any CPU.Build.0 = Release|Any CPU
		{0A90A2D3-22D4-4C1A-99F5-22CB0668ACB8}.Debug|Any CPU.ActiveCfg = Debug|Any CPU
		{0A90A2D3-22D4-4C1A-99F5-22CB0668ACB8}.Debug|Any CPU.Build.0 = Debug|Any CPU
		{0A90A2D3-22D4-4C1A-99F5-22CB0668ACB8}.Release|Any CPU.ActiveCfg = Release|Any CPU
		{0A90A2D3-22D4-4C1A-99F5-22CB0668ACB8}.Release|Any CPU.Build.0 = Release|Any CPU
		{292F9578-F833-44EA-94E7-12A4A1D3C1BF}.Debug|Any CPU.ActiveCfg = Debug|Any CPU
		{292F9578-F833-44EA-94E7-12A4A1D3C1BF}.Debug|Any CPU.Build.0 = Debug|Any CPU
		{292F9578-F833-44EA-94E7-12A4A1D3C1BF}.Release|Any CPU.ActiveCfg = Release|Any CPU
		{292F9578-F833-44EA-94E7-12A4A1D3C1BF}.Release|Any CPU.Build.0 = Release|Any CPU
		{029DE543-22D8-42E6-BA30-8218CCDCD89B}.Debug|Any CPU.ActiveCfg = Debug|Any CPU
		{029DE543-22D8-42E6-BA30-8218CCDCD89B}.Debug|Any CPU.Build.0 = Debug|Any CPU
		{029DE543-22D8-42E6-BA30-8218CCDCD89B}.Release|Any CPU.ActiveCfg = Release|Any CPU
		{029DE543-22D8-42E6-BA30-8218CCDCD89B}.Release|Any CPU.Build.0 = Release|Any CPU
		{1E2D13A3-3FE0-46A6-89FF-B4F3FF1A4380}.Debug|Any CPU.ActiveCfg = Debug|Any CPU
		{1E2D13A3-3FE0-46A6-89FF-B4F3FF1A4380}.Debug|Any CPU.Build.0 = Debug|Any CPU
		{1E2D13A3-3FE0-46A6-89FF-B4F3FF1A4380}.Release|Any CPU.ActiveCfg = Release|Any CPU
		{1E2D13A3-3FE0-46A6-89FF-B4F3FF1A4380}.Release|Any CPU.Build.0 = Release|Any CPU
		{D6A5BB3D-8910-4185-B248-24FA2213EEAB}.Debug|Any CPU.ActiveCfg = Debug|Any CPU
		{D6A5BB3D-8910-4185-B248-24FA2213EEAB}.Debug|Any CPU.Build.0 = Debug|Any CPU
		{D6A5BB3D-8910-4185-B248-24FA2213EEAB}.Release|Any CPU.ActiveCfg = Release|Any CPU
		{D6A5BB3D-8910-4185-B248-24FA2213EEAB}.Release|Any CPU.Build.0 = Release|Any CPU
		{5F45D063-B9C3-474A-91D0-4C6316750E23}.Debug|Any CPU.ActiveCfg = Debug|Any CPU
		{5F45D063-B9C3-474A-91D0-4C6316750E23}.Debug|Any CPU.Build.0 = Debug|Any CPU
		{5F45D063-B9C3-474A-91D0-4C6316750E23}.Release|Any CPU.ActiveCfg = Release|Any CPU
		{5F45D063-B9C3-474A-91D0-4C6316750E23}.Release|Any CPU.Build.0 = Release|Any CPU
	EndGlobalSection
	GlobalSection(NestedProjects) = preSolution
		{2FAFA13B-A4E9-4ED5-BA73-E0D3D4D369E3} = {CF138809-FE3C-4B15-8061-9C6CF3230384}
		{1AC1F571-29D4-4CD3-8CBF-353565F9E968} = {5F94DAA7-3CD5-414C-84ED-3F35D093B1F2}
		{4ED1C4F2-A2B0-45DC-9347-78394D8E0A5A} = {5F94DAA7-3CD5-414C-84ED-3F35D093B1F2}
		{F057B1DE-2CE3-4612-81E2-984FEFF8A05D} = {E4CE8F90-6919-4193-8384-69E736781DE5}
		{0A90A2D3-22D4-4C1A-99F5-22CB0668ACB8} = {E4CE8F90-6919-4193-8384-69E736781DE5}
		{292F9578-F833-44EA-94E7-12A4A1D3C1BF} = {6D19ED75-588D-4095-9274-38A197982BF3}
		{029DE543-22D8-42E6-BA30-8218CCDCD89B} = {6D19ED75-588D-4095-9274-38A197982BF3}
		{1E2D13A3-3FE0-46A6-89FF-B4F3FF1A4380} = {CF138809-FE3C-4B15-8061-9C6CF3230384}
		{D6A5BB3D-8910-4185-B248-24FA2213EEAB} = {64B021EC-A3DE-4426-83CF-39DD3F298AD4}
		{5F45D063-B9C3-474A-91D0-4C6316750E23} = {E4CE8F90-6919-4193-8384-69E736781DE5}
	EndGlobalSection
EndGlobal
